
Microsoft Visual Studio Solution File, Format Version 12.00
# Visual Studio Version 17
VisualStudioVersion = 17.2.32630.192
MinimumVisualStudioVersion = 10.0.40219.1
Project("{9A19103F-16F7-4668-BE54-9A1E7A4F7556}") = "Management.Partners.WebApi", "Management.Partners.WebApi\Management.Partners.WebApi.csproj", "{F081791C-13E0-4F98-B0AE-889849E08E93}"
EndProject
Project("{9A19103F-16F7-4668-BE54-9A1E7A4F7556}") = "Management.Partners.Infrastructure", "Management.Partners.Infrastructure\Management.Partners.Infrastructure.csproj", "{555B910E-C3DB-4979-9D66-FB28AD36B05B}"
EndProject
Project("{9A19103F-16F7-4668-BE54-9A1E7A4F7556}") = "Management.Partners.Domain", "Management.Partners.Domain\Management.Partners.Domain.csproj", "{7C9FDC3D-61E6-4539-90F4-42256D301549}"
EndProject
Project("{9A19103F-16F7-4668-BE54-9A1E7A4F7556}") = "Management.Partners.Application", "Management.Partners.Application\Management.Partners.Application.csproj", "{535600C5-7931-406F-B139-903F1A5CC6EE}"
EndProject
Project("{E53339B2-1760-4266-BCC7-CA923CBCF16C}") = "docker-compose", "docker-compose.dcproj", "{4A5AE42B-8D28-4AAA-8F86-BA61A694B83C}"
EndProject
Project("{2150E333-8FDC-42A3-9474-1A3956D46DE8}") = "Tests", "Tests", "{863EC103-0CA1-4AC1-8382-CDDB1A42F6AD}"
EndProject
Project("{9A19103F-16F7-4668-BE54-9A1E7A4F7556}") = "Management.Partners,Domain.Tests", "..\Management.Partners,Domain.Tests\Management.Partners,Domain.Tests.csproj", "{69DD3CA7-983A-46F8-AF0E-9557D306D9DB}"
EndProject
Project("{9A19103F-16F7-4668-BE54-9A1E7A4F7556}") = "Management.Partners.Application.Tests", "..\Management.Partners.Application.Tests\Management.Partners.Application.Tests.csproj", "{2A67D6E1-73A7-4498-98E9-DD3F15B670E2}"
EndProject
Global
	GlobalSection(SolutionConfigurationPlatforms) = preSolution
		Debug|Any CPU = Debug|Any CPU
		Release|Any CPU = Release|Any CPU
	EndGlobalSection
	GlobalSection(ProjectConfigurationPlatforms) = postSolution
		{F081791C-13E0-4F98-B0AE-889849E08E93}.Debug|Any CPU.ActiveCfg = Debug|Any CPU
		{F081791C-13E0-4F98-B0AE-889849E08E93}.Debug|Any CPU.Build.0 = Debug|Any CPU
		{F081791C-13E0-4F98-B0AE-889849E08E93}.Release|Any CPU.ActiveCfg = Release|Any CPU
		{F081791C-13E0-4F98-B0AE-889849E08E93}.Release|Any CPU.Build.0 = Release|Any CPU
		{555B910E-C3DB-4979-9D66-FB28AD36B05B}.Debug|Any CPU.ActiveCfg = Debug|Any CPU
		{555B910E-C3DB-4979-9D66-FB28AD36B05B}.Debug|Any CPU.Build.0 = Debug|Any CPU
		{555B910E-C3DB-4979-9D66-FB28AD36B05B}.Release|Any CPU.ActiveCfg = Release|Any CPU
		{555B910E-C3DB-4979-9D66-FB28AD36B05B}.Release|Any CPU.Build.0 = Release|Any CPU
		{7C9FDC3D-61E6-4539-90F4-42256D301549}.Debug|Any CPU.ActiveCfg = Debug|Any CPU
		{7C9FDC3D-61E6-4539-90F4-42256D301549}.Debug|Any CPU.Build.0 = Debug|Any CPU
		{7C9FDC3D-61E6-4539-90F4-42256D301549}.Release|Any CPU.ActiveCfg = Release|Any CPU
		{7C9FDC3D-61E6-4539-90F4-42256D301549}.Release|Any CPU.Build.0 = Release|Any CPU
		{535600C5-7931-406F-B139-903F1A5CC6EE}.Debug|Any CPU.ActiveCfg = Debug|Any CPU
		{535600C5-7931-406F-B139-903F1A5CC6EE}.Debug|Any CPU.Build.0 = Debug|Any CPU
		{535600C5-7931-406F-B139-903F1A5CC6EE}.Release|Any CPU.ActiveCfg = Release|Any CPU
		{535600C5-7931-406F-B139-903F1A5CC6EE}.Release|Any CPU.Build.0 = Release|Any CPU
		{4A5AE42B-8D28-4AAA-8F86-BA61A694B83C}.Debug|Any CPU.ActiveCfg = Debug|Any CPU
		{4A5AE42B-8D28-4AAA-8F86-BA61A694B83C}.Debug|Any CPU.Build.0 = Debug|Any CPU
		{4A5AE42B-8D28-4AAA-8F86-BA61A694B83C}.Release|Any CPU.ActiveCfg = Release|Any CPU
		{4A5AE42B-8D28-4AAA-8F86-BA61A694B83C}.Release|Any CPU.Build.0 = Release|Any CPU
		{69DD3CA7-983A-46F8-AF0E-9557D306D9DB}.Debug|Any CPU.ActiveCfg = Debug|Any CPU
		{69DD3CA7-983A-46F8-AF0E-9557D306D9DB}.Debug|Any CPU.Build.0 = Debug|Any CPU
		{69DD3CA7-983A-46F8-AF0E-9557D306D9DB}.Release|Any CPU.ActiveCfg = Release|Any CPU
		{69DD3CA7-983A-46F8-AF0E-9557D306D9DB}.Release|Any CPU.Build.0 = Release|Any CPU
		{2A67D6E1-73A7-4498-98E9-DD3F15B670E2}.Debug|Any CPU.ActiveCfg = Debug|Any CPU
		{2A67D6E1-73A7-4498-98E9-DD3F15B670E2}.Debug|Any CPU.Build.0 = Debug|Any CPU
		{2A67D6E1-73A7-4498-98E9-DD3F15B670E2}.Release|Any CPU.ActiveCfg = Release|Any CPU
		{2A67D6E1-73A7-4498-98E9-DD3F15B670E2}.Release|Any CPU.Build.0 = Release|Any CPU
	EndGlobalSection
	GlobalSection(SolutionProperties) = preSolution
		HideSolutionNode = FALSE
	EndGlobalSection
	GlobalSection(NestedProjects) = preSolution
		{69DD3CA7-983A-46F8-AF0E-9557D306D9DB} = {863EC103-0CA1-4AC1-8382-CDDB1A42F6AD}
		{2A67D6E1-73A7-4498-98E9-DD3F15B670E2} = {863EC103-0CA1-4AC1-8382-CDDB1A42F6AD}
	EndGlobalSection
	GlobalSection(ExtensibilityGlobals) = postSolution
		SolutionGuid = {F03B74AB-28A0-451A-88BD-239552D52984}
	EndGlobalSection
EndGlobal
